
Microsoft Visual Studio Solution File, Format Version 12.00
# Visual Studio Version 16
VisualStudioVersion = 16.0.33927.289
MinimumVisualStudioVersion = 10.0.40219.1
Project("{FAE04EC0-301F-11D3-BF4B-00C04F79EFBC}") = "BT_Linq_Class", "BT_Linq_Class\BT_Linq_Class.csproj", "{831998DA-71FF-47F6-B1FF-A05BD3CE4097}"
EndProject
Global
	GlobalSection(SolutionConfigurationPlatforms) = preSolution
		Debug|Any CPU = Debug|Any CPU
		Release|Any CPU = Release|Any CPU
	EndGlobalSection
	GlobalSection(ProjectConfigurationPlatforms) = postSolution
		{831998DA-71FF-47F6-B1FF-A05BD3CE4097}.Debug|Any CPU.ActiveCfg = Debug|Any CPU
		{831998DA-71FF-47F6-B1FF-A05BD3CE4097}.Debug|Any CPU.Build.0 = Debug|Any CPU
		{831998DA-71FF-47F6-B1FF-A05BD3CE4097}.Release|Any CPU.ActiveCfg = Release|Any CPU
		{831998DA-71FF-47F6-B1FF-A05BD3CE4097}.Release|Any CPU.Build.0 = Release|Any CPU
	EndGlobalSection
	GlobalSection(SolutionProperties) = preSolution
		HideSolutionNode = FALSE
	EndGlobalSection
	GlobalSection(ExtensibilityGlobals) = postSolution
		SolutionGuid = {66C12576-5E25-4197-A661-32FFFBF203B9}
	EndGlobalSection
EndGlobal
